cloud.google.com/go/auth v0.14.0 h1:A5C4dKV/Spdvxcl0ggWwWEzzP7AZMJSEIgrkngwhGYM=
cloud.google.com/go/auth v0.14.0/go.mod h1:CYsoRL1PdiDuqeQpZE0bP2pnPrGqFcOkI0nldEQis+A=
cloud.google.com/go/auth/oauth2adapt v0.2.7 h1:/Lc7xODdqcEw8IrZ9SvwnlLX6j9FHQM74z6cBk9Rw6M=
cloud.google.com/go/auth/oauth2adapt v0.2.7/go.mod h1:NTbTTzfvPl1Y3V1nPpOgl2w6d/FjO7NNUQaWSox6ZMc=
cloud.google.com/go/compute/metadata v0.6.0 h1:A6hENjEsCDtC1k8byVsgwvVcioamEHvZ4j01OwKxG9I=
cloud.google.com/go/compute/metadata v0.6.0/go.mod h1:FjyFAW1MW0C203CEOMDTu3Dk1FlqW3Rga40jzHL4hfg=
dario.cat/mergo v1.0.0 h1:AGCNq9Evsj31mOgNPcLyXc+4PNABt905YmuqPYYpBWk=
dario.cat/mergo v1.0.0/go.mod h1:uNxQE+84aUszobStD9th8a29P2fMDhsBdgRYvZOxGmk=
git.sr.ht/~adnano/go-gemini v0.2.4 h1:L23qUmAAq+rwuIjOLFoJpiFq0BPK+AqhyGAqJ2O3JMU=
git.sr.ht/~adnano/go-gemini v0.2.4/go.mod h1:GKBptE2mvJYtgVI60gXF8N7Z+JgrCkNfW4GgoR8h008=
github.com/Masterminds/semver/v3 v3.2.1 h1:RN9w6+7QoMeJVGyfmbcgs28Br8cvmnucEXnY0rYXWg0=
github.com/Masterminds/semver/v3 v3.2.1/go.mod h1:qvl/7zhW3nngYb5+80sSMF+FG2BjYrf8m9wsX0PNOMQ=
github.com/Microsoft/go-winio v0.5.2/go.mod h1:WpS1mjBmmwHBEWmogvA2mj8546UReBk4v8QkMxJ6pZY=
github.com/Microsoft/go-winio v0.6.1 h1:9/kr64B9VUZrLm5YYwbGtUJnMgqWVOdUAXu6Migciow=
github.com/Microsoft/go-winio v0.6.1/go.mod h1:LRdKpFKfdobln8UmuiYcKPot9D2v6svN5+sAH+4kjUM=
github.com/ProtonMail/go-crypto v1.1.5 h1:eoAQfK2dwL+tFSFpr7TbOaPNUbPiJj4fLYwwGE1FQO4=
github.com/ProtonMail/go-crypto v1.1.5/go.mod h1:rA3QumHc/FZ8pAHreoekgiAbzpNsfQAosU5td4SnOrE=
github.com/anaskhan96/soup v1.2.5 h1:V/FHiusdTrPrdF4iA1YkVxsOpdNcgvqT1hG+YtcZ5hM=
github.com/anaskhan96/soup v1.2.5/go.mod h1:6YnEp9A2yywlYdM4EgDz9NEHclocMepEtku7wg6Cq3s=
github.com/barasher/go-exiftool v1.10.0 h1:f5JY5jc42M7tzR6tbL9508S2IXdIcG9QyieEXNMpIhs=
github.com/barasher/go-exiftool v1.10.0/go.mod h1:F9s/a3uHSM8YniVfwF+sbQUtP8Gmh9nyzigNF+8vsWo=
github.com/bitly/go-simplejson v0.5.1 h1:xgwPbetQScXt1gh9BmoJ6j9JMr3TElvuIyjR8pgdoow=
github.com/bitly/go-simplejson v0.5.1/go.mod h1:YOPVLzCfwK14b4Sff3oP1AmGhI9T9Vsg84etUnlyp+Q=
github.com/cloudflare/circl v1.3.7 h1:qlCDlTPz2n9fu58M0Nh1J/JzcFpfgkFHHX3O35r5vcU=
github.com/cloudflare/circl v1.3.7/go.mod h1:sRTcRWXGLrKw6yIGJ+l7amYJFfAXbZG0kBSc8r4zxgA=
github.com/clseibold/go-gemini v0.0.0-20240314051634-436d3e54df5c h1:mPIVyUzsxB81KBda3gG/Y3qHfNvoGrrRcON565KEVos=
github.com/clseibold/go-gemini v0.0.0-20240314051634-436d3e54df5c/go.mod h1:OS3TRybkU3yIFETGhQfxm4Xhx/zGg1VKdpMUCQWEwuo=
github.com/clseibold/tag v0.0.0-20240406050303-c203ec2f69d1 h1:qoR4J9fmFetWaBzo5Qxrnwnzrlmg5r+fCwBAwdM4olw=
github.com/clseibold/tag v0.0.0-20240406050303-c203ec2f69d1/go.mod h1:Z3Lomva4pyMWYezjMAU5QWRh0p1VvO4199OHlFnyKkM=
github.com/coreos/go-systemd/v22 v22.5.0/go.mod h1:Y58oyj3AT4RCenI/lSvhwexgC+NSVTIJ3seZv2GcEnc=
github.com/cpuguy83/go-md2man/v2 v2.0.4/go.mod h1:tgQtvFlXSQOSOSIRvRPT7W67SCa46tRHOmNcaadrF8o=
github.com/cretz/bine v0.2.0 h1:8GiDRGlTgz+o8H9DSnsl+5MeBK4HsExxgl6WgzOCuZo=
github.com/cretz/bine v0.2.0/go.mod h1:WU4o9QR9wWp8AVKtTM1XD5vUHkEqnf2vVSo6dBqbetI=
github.com/cyphar/filepath-securejoin v0.3.6 h1:4d9N5ykBnSp5Xn2JkhocYDkOpURL/18CYMpo6xB9uWM=
github.com/cyphar/filepath-securejoin v0.3.6/go.mod h1:Sdj7gXlvMcPZsbhwhQ33GguGLDGQL7h7bg04C/+u9jI=
github.com/davecgh/go-spew v1.1.0/go.mod h1:J7Y8YcW2NihsgmVo/mv3lAwl/skON4iLHjSsI+c5H38=
github.com/davecgh/go-spew v1.1.1/go.mod h1:J7Y8YcW2NihsgmVo/mv3lAwl/skON4iLHjSsI+c5H38=
github.com/davecgh/go-spew v1.1.2-0.20180830191138-d8f796af33cc h1:U9qPSI2PIWSS1VwoXQT9A3Wy9MM3WgvqSxFWenqJduM=
github.com/davecgh/go-spew v1.1.2-0.20180830191138-d8f796af33cc/go.mod h1:J7Y8YcW2NihsgmVo/mv3lAwl/skON4iLHjSsI+c5H38=
github.com/djherbis/times v1.6.0 h1:w2ctJ92J8fBvWPxugmXIv7Nz7Q3iDMKNx9v5ocVH20c=
github.com/djherbis/times v1.6.0/go.mod h1:gOHeRAz2h+VJNZ5Gmc/o7iD9k4wW7NMVqieYCY99oc0=
github.com/dlclark/regexp2 v1.11.4 h1:rPYF9/LECdNymJufQKmri9gV604RvvABwgOA8un7yAo=
github.com/dlclark/regexp2 v1.11.4/go.mod h1:DHkYz0B9wPfa6wondMfaivmHpzrQ3v9q8cnmRbL6yW8=
github.com/dop251/goja v0.0.0-20241024094426-79f3a7efcdbd h1:QMSNEh9uQkDjyPwu/J541GgSH+4hw+0skJDIj9HJ3mE=
github.com/dop251/goja v0.0.0-20241024094426-79f3a7efcdbd/go.mod h1:MxLav0peU43GgvwVgNbLAj1s/bSGboKkhuULvq/7hx4=
github.com/efarrer/iothrottler v0.0.3 h1:6m8eKBQ1ouigjXQoBxwEWz12fUGGYfYppEJVcyZFcYg=
github.com/efarrer/iothrottler v0.0.3/go.mod h1:zGWF5N0NKSCskcPFytDAFwI121DdU/NfW4XOjpTR+ys=
github.com/eidolon/wordwrap v0.0.0-20161011182207-e0f54129b8bb h1:ioQwBmKdOCpMVS/bDaESqNWXIE/aw4+gsVtysCGMWZ4=
github.com/eidolon/wordwrap v0.0.0-20161011182207-e0f54129b8bb/go.mod h1:ZAPs+OyRzeVJFGvXVDVffgCzQfjg3qU9Ig8G/MU3zZ4=
github.com/emirpasic/gods v1.18.1 h1:FXtiHYKDGKCW2KzwZKx0iC0PQmdlorYgdFG9jPXJ1Bc=
github.com/emirpasic/gods v1.18.1/go.mod h1:8tpGGwCnJ5H4r6BWwaV6OrWmMoPhUl5jm/FMNAnJvWQ=
github.com/felixge/httpsnoop v1.0.4 h1:NFTV2Zj1bL4mc9sqWACXbQFVBBg2W3GPvqp8/ESS2Wg=
github.com/felixge/httpsnoop v1.0.4/go.mod h1:m8KPJKqk1gH5J9DgRY2ASl2lWCfGKXixSwevea8zH2U=
github.com/gabriel-vasile/mimetype v1.4.3 h1:in2uUcidCuFcDKtdcBxlR0rJ1+fsokWf+uqxgUFjbI0=
github.com/gabriel-vasile/mimetype v1.4.3/go.mod h1:d8uq/6HKRL6CGdk+aubisF/M5GcPfT7nKyLpA0lbSSk=
github.com/gammazero/deque v1.0.0 h1:LTmimT8H7bXkkCy6gZX7zNLtkbz4NdS2z8LZuor3j34=
github.com/gammazero/deque v1.0.0/go.mod h1:iflpYvtGfM3U8S8j+sZEKIak3SAKYpA5/SQewgfXDKo=
github.com/go-enry/go-enry/v2 v2.9.1 h1:G9iDteJ/Mc0F4Di5NeQknf83R2OkRbwY9cAYmcqVG6U=
github.com/go-enry/go-enry/v2 v2.9.1/go.mod h1:9yrj4ES1YrbNb1Wb7/PWYr2bpaCXUGRt0uafN0ISyG8=
github.com/go-enry/go-oniguruma v1.2.1 h1:k8aAMuJfMrqm/56SG2lV9Cfti6tC4x8673aHCcBk+eo=
github.com/go-enry/go-oniguruma v1.2.1/go.mod h1:bWDhYP+S6xZQgiRL7wlTScFYBe023B6ilRZbCAD5Hf4=
github.com/go-git/gcfg v1.5.1-0.20230307220236-3a3c6141e376 h1:+zs/tPmkDkHx3U66DAb0lQFJrpS6731Oaa12ikc+DiI=
github.com/go-git/gcfg v1.5.1-0.20230307220236-3a3c6141e376/go.mod h1:an3vInlBmSxCcxctByoQdvwPiA7DTK7jaaFDBTtu0ic=
github.com/go-git/go-billy/v5 v5.6.2 h1:6Q86EsPXMa7c3YZ3aLAQsMA0VlWmy43r6FHqa/UNbRM=
github.com/go-git/go-billy/v5 v5.6.2/go.mod h1:rcFC2rAsp/erv7CMz9GczHcuD0D32fWzH+MJAU+jaUU=
github.com/go-git/go-git/v5 v5.13.2 h1:7O7xvsK7K+rZPKW6AQR1YyNhfywkv7B8/FsP3ki6Zv0=
github.com/go-git/go-git/v5 v5.13.2/go.mod h1:hWdW5P4YZRjmpGHwRH2v3zkWcNl6HeXaXQEMGb3NJ9A=
github.com/go-logr/logr v1.2.2/go.mod h1:jdQByPbusPIv2/zmleS9BjJVeZ6kBagPoEUsqbVz/1A=
github.com/go-logr/logr v1.4.2 h1:6pFjapn8bFcIbiKo3XT4j/BhANplGihG6tvd+8rYgrY=
github.com/go-logr/logr v1.4.2/go.mod h1:9T104GzyrTigFIr8wt5mBrctHMim0Nb2HLGrmQ40KvY=
github.com/go-logr/stdr v1.2.2 h1:hSWxHoqTgW2S2qGc0LTAI563KZ5YKYRhT3MFKZMbjag=
github.com/go-logr/stdr v1.2.2/go.mod h1:mMo/vtBO5dYbehREoey6XUKy/eSumjCCveDpRre4VKE=
github.com/go-sourcemap/sourcemap v2.1.4+incompatible h1:a+iTbH5auLKxaNwQFg0B+TCYl6lbukKPc7b5x0n1s6Q=
github.com/go-sourcemap/sourcemap v2.1.4+incompatible/go.mod h1:F8jJfvm2KbVjc5NqelyYJmf/v5J0dwNLS2mL4sNA1Jg=
github.com/go-stack/stack v1.8.1 h1:ntEHSVwIt7PNXNpgPmVfMrNhLtgjlmnZha2kOpuRiDw=
github.com/go-stack/stack v1.8.1/go.mod h1:dcoOX6HbPZSZptuspn9bctJ+N/CnF5gGygcUP3XYfe4=
github.com/godbus/dbus/v5 v5.0.4/go.mod h1:xhWf0FNVPg57R7Z0UbKHbJfkEywrmjJnf7w5xrFpKfA=
github.com/golang/groupcache v0.0.0-20210331224755-41bb18bfe9da h1:oI5xCqsCo564l8iNU+DwB5epxmsaqB+rhGL0m5jtYqE=
github.com/golang/groupcache v0.0.0-20210331224755-41bb18bfe9da/go.mod h1:cIg4eruTrX1D+g88fzRXU5OdNfaM+9IcxsU14FzY7Hc=
github.com/golang/protobuf v1.5.4 h1:i7eJL8qZTpSEXOPTxNKhASYpMn+8e5Q6AdndVa1dWek=
github.com/golang/protobuf v1.5.4/go.mod h1:lnTiLA8Wa4RWRcIUkrtSVa5nRhsEGBg48fD6rSs7xps=
github.com/google/go-cmp v0.3.1/go.mod h1:8QqcDgzrUqlUb/G2PQTWiueGozuR1884gddMywk6iLU=
github.com/google/go-cmp v0.5.2/go.mod h1:v8dTdLbMG2kIc/vJvl+f65V22dbkXbowE6jgT/gNBxE=
github.com/google/go-cmp v0.6.0 h1:ofyhxvXcZhMsU5ulbFiLKl/XBFqE1GSq7atu8tAmTRI=
github.com/google/go-cmp v0.6.0/go.mod h1:17dUlkBOakJ0+DkrSSNjCkIjxS6bF9zb3elmeNGIjoY=
github.com/google/go-github/v60 v60.0.0 h1:oLG98PsLauFvvu4D/YPxq374jhSxFYdzQGNCyONLfn8=
github.com/google/go-github/v60 v60.0.0/go.mod h1:ByhX2dP9XT9o/ll2yXAu2VD8l5eNVg8hD4Cr0S/LmQk=
github.com/google/go-querystring v1.1.0 h1:AnCroh3fv4ZBgVIf1Iwtovgjaw/GiKJo8M8yD/fhyJ8=
github.com/google/go-querystring v1.1.0/go.mod h1:Kcdr2DB4koayq7X8pmAG4sNG59So17icRSOU623lUBU=
github.com/google/pprof v0.0.0-20241203143554-1e3fdc7de467 h1:keEZFtbLJugfE0qHn+Ge1JCE71spzkchQobDf3mzS/4=
github.com/google/pprof v0.0.0-20241203143554-1e3fdc7de467/go.mod h1:vavhavw2zAxS5dIdcRluK6cSGGPlZynqzFM8NdvU144=
github.com/google/s2a-go v0.1.9 h1:LGD7gtMgezd8a/Xak7mEWL0PjoTQFvpRudN895yqKW0=
github.com/google/s2a-go v0.1.9/go.mod h1:YA0Ei2ZQL3acow2O62kdp9UlnvMmU7kA6Eutn0dXayM=
github.com/google/uuid v1.6.0 h1:NIvaJDMOsjHA8n1jAhLSgzrAzy1Hgr+hNrb57e+94F0=
github.com/google/uuid v1.6.0/go.mod h1:TIyPZe4MgqvfeYDBFedMoGGpEw/LqOeaOT+nhxU+yHo=
github.com/googleapis/enterprise-certificate-proxy v0.3.4 h1:XYIDZApgAnrN1c855gTgghdIA6Stxb52D5RnLI1SLyw=
github.com/googleapis/enterprise-certificate-proxy v0.3.4/go.mod h1:YKe7cfqYXjKGpGvmSg28/fFvhNzinZQm8DGnaburhGA=
github.com/googleapis/gax-go/v2 v2.14.1 h1:hb0FFeiPaQskmvakKu5EbCbpntQn48jyHuvrkurSS/Q=
github.com/googleapis/gax-go/v2 v2.14.1/go.mod h1:Hb/NubMaVM88SrNkvl8X/o8XWwDJEPqouaLeN2IUxoA=
github.com/inconshreveable/mousetrap v1.1.0 h1:wN+x4NVGpMsO7ErUn/mUI3vEoE6Jt13X2s0bqwp9tc8=
github.com/inconshreveable/mousetrap v1.1.0/go.mod h1:vpF70FUmC8bwa3OWnCshd2FqLfsEA9PFc4w1p2J65bw=
github.com/jbenet/go-context v0.0.0-20150711004518-d14ea06fba99 h1:BQSFePA1RWJOlocH6Fxy8MmwDt+yVQYULKfN0RoTN8A=
github.com/jbenet/go-context v0.0.0-20150711004518-d14ea06fba99/go.mod h1:1lJo3i6rXxKeerYnT8Nvf0QmHCRC1n8sfWVwXF2Frvo=
github.com/juju/ratelimit v1.0.2 h1:sRxmtRiajbvrcLQT7S+JbqU0ntsb9W2yhSdNN8tWfaI=
github.com/juju/ratelimit v1.0.2/go.mod h1:qapgC/Gy+xNh9UxzV13HGGl/6UXNN+ct+vwSgWNm/qk=
github.com/kardianos/osext v0.0.0-20190222173326-2bc1f35cddc0 h1:iQTw/8FWTuc7uiaSepXwyf3o52HaUYcV+Tu66S3F5GA=
github.com/kardianos/osext v0.0.0-20190222173326-2bc1f35cddc0/go.mod h1:1NbS8ALrpOvjt0rHPNLyCIeMtbizbir8U//inJ+zuB8=
github.com/kevinburke/ssh_config v1.2.0 h1:x584FjTGwHzMwvHx18PXxbBVzfnxogHaAReU4gf13a4=
github.com/kevinburke/ssh_config v1.2.0/go.mod h1:CT57kijsi8u/K/BOFA39wgDQJ9CxiF4nAY/ojJ6r6mM=
github.com/kkdai/youtube/v2 v2.10.2 h1:e3JslUDiKEfjMzxFyrOh3O59C/aLfKNZyrcav00MZV0=
github.com/kkdai/youtube/v2 v2.10.2/go.mod h1:4y1MIg7f1o5/kQfkr7nwXFtv8PGSoe4kChOB9/iMA88=
github.com/kr/pretty v0.1.0/go.mod h1:dAy3ld7l9f0ibDNOQOHHMYYIIbhfbHSm3C4ZsoJORNo=
github.com/kr/pty v1.1.1/go.mod h1:pFQYn66WHrOpPYNljwOMqo10TkYh1fy3cYio2l3bCsQ=
github.com/kr/text v0.1.0/go.mod h1:4Jbv+DJW3UT/LiOwJeYQe1efqtUx/iVham/4vfdArNI=
github.com/krayzpipes/cronticker v0.0.1 h1:L4jbsWjWQ5aObEbRstvjONzNQpp1MprAgtFIZKXUJA0=
github.com/krayzpipes/cronticker v0.0.1/go.mod h1:xCV1MDI3z7A0wE+cbAGGMqrixO3ZuwT5+5SdGgJZU0M=
github.com/mattn/go-colorable v0.1.13 h1:fFA4WZxdEF4tXPZVKMLwD8oUnCTTo08duU7wxecdEvA=
github.com/mattn/go-colorable v0.1.13/go.mod h1:7S9/ev0klgBDR4GtXTXX8a3vIGJpMovkB8vQcUbaXHg=
github.com/mattn/go-isatty v0.0.16/go.mod h1:kYGgaQfpe5nmfYZH+SKPsOc2e4SrIfOl2e/yFXSvRLM=
github.com/mattn/go-isatty v0.0.19/go.mod h1:W+V8PltTTMOvKvAeJH7IuucS94S2C6jfK/D7dTCTo3Y=
github.com/mattn/go-isatty v0.0.20 h1:xfD0iDuEKnDkl03q4limB+vH+GxLEtL/jb4xVJSWWEY=
github.com/mattn/go-isatty v0.0.20/go.mod h1:W+V8PltTTMOvKvAeJH7IuucS94S2C6jfK/D7dTCTo3Y=
github.com/nakagami/chacha20 v0.1.0 h1:2fbf5KeVUw7oRpAe6/A7DqvBJLYYu0ka5WstFbnkEVo=
github.com/nakagami/chacha20 v0.1.0/go.mod h1:xpoujepNFA7MvYLvX5xKHzlOHimDrLI9Ll8zfOJ0l2E=
github.com/nakagami/firebirdsql v0.9.13 h1:536WWp3/qBpKBtRqF8eXf0uDdHUegDvtZ37QZvbW5eg=
github.com/nakagami/firebirdsql v0.9.13/go.mod h1:3i+/qlKssHmwlqu+qsKq1gDSiHGgt3CLrBTPu6kvDJo=
github.com/orcaman/concurrent-map v1.0.0 h1:I/2A2XPCb4IuQWcQhBhSwGfiuybl/J0ev9HDbW65HOY=
github.com/orcaman/concurrent-map v1.0.0/go.mod h1:Lu3tH6HLW3feq74c2GC+jIMS/K2CFcDWnWD9XkenwhI=
github.com/orcaman/concurrent-map/v2 v2.0.1 h1:jOJ5Pg2w1oeB6PeDurIYf6k9PQ+aTITr/6lP/L/zp6c=
github.com/orcaman/concurrent-map/v2 v2.0.1/go.mod h1:9Eq3TG2oBe5FirmYWQfYO5iH1q0Jv47PLaNK++uCdOM=
github.com/pemistahl/lingua-go v1.4.0 h1:ifYhthrlW7iO4icdubwlduYnmwU37V1sbNrwhKBR4rM=
github.com/pemistahl/lingua-go v1.4.0/go.mod h1:ECuM1Hp/3hvyh7k8aWSqNCPlTxLemFZsRjocUf3KgME=
github.com/pjbgf/sha1cd v0.3.2 h1:a9wb0bp1oC2TGwStyn0Umc/IGKQnEgF0vVaZ8QF8eo4=
github.com/pjbgf/sha1cd v0.3.2/go.mod h1:zQWigSxVmsHEZow5qaLtPYxpcKMMQpa09ixqBxuCS6A=
github.com/pkg/errors v0.9.1/go.mod h1:bwawxfHBFNV+L2hUp1rHADufV3IMtnDRdf1r5NINEl0=
github.com/pmezard/go-difflib v1.0.0/go.mod h1:iKH77koFhYxTK1pcRnkKkqfTogsbg7gZNVY4sRDYZ/4=
github.com/pmezard/go-difflib v1.0.1-0.20181226105442-5d4384ee4fb2 h1:Jamvg5psRIccs7FGNTlIRMkT8wgtp5eCXdBlqhYGL6U=
github.com/pmezard/go-difflib v1.0.1-0.20181226105442-5d4384ee4fb2/go.mod h1:iKH77koFhYxTK1pcRnkKkqfTogsbg7gZNVY4sRDYZ/4=
github.com/remyoudompheng/bigfft v0.0.0-20200410134404-eec4a21b6bb0 h1:OdAsTTz6OkFY5QxjkYwrChwuRruF69c169dPK26NUlk=
github.com/remyoudompheng/bigfft v0.0.0-20200410134404-eec4a21b6bb0/go.mod h1:qqbHyh8v60DhA7CoWK5oRCqLrMHRGoxYCSS9EjAz6Eo=
github.com/rivo/uniseg v0.4.7 h1:WUdvkW8uEhrYfLC4ZzdpI2ztxP1I582+49Oc5Mq64VQ=
github.com/rivo/uniseg v0.4.7/go.mod h1:FN3SvrM+Zdj16jyLfmOkMNblXMcoc8DfTHruCPUcx88=
github.com/robfig/cron/v3 v3.0.1 h1:WdRxkvbJztn8LMz/QEvLN5sBU+xKpSqwwUO1Pjr4qDs=
github.com/robfig/cron/v3 v3.0.1/go.mod h1:eQICP3HwyT7UooqI/z+Ov+PtYAWygg1TEWWzGIFLtro=
github.com/rs/xid v1.5.0/go.mod h1:trrq9SKmegXys3aeAKXMUTdJsYXVwGY3RLcfgqegfbg=
github.com/rs/zerolog v1.32.0 h1:keLypqrlIjaFsbmJOBdB/qvyF8KEtCWHwobLp5l/mQ0=
github.com/rs/zerolog v1.32.0/go.mod h1:/7mN4D5sKwJLZQ2b/znpjC3/GQWY/xaDXUM0kKWRHss=
github.com/russross/blackfriday/v2 v2.1.0/go.mod h1:+Rmxgy9KzJVeS9/2gXHxylqXiyQDYRxCVz55jmeOWTM=
github.com/sergi/go-diff v1.3.2-0.20230802210424-5b0b94c5c0d3 h1:n661drycOFuPLCN3Uc8sB6B/s6Z4t2xvBgU1htSHuq8=
github.com/sergi/go-diff v1.3.2-0.20230802210424-5b0b94c5c0d3/go.mod h1:A0bzQcvG0E7Rwjx0REVgAGH58e96+X0MeOfepqsbeW4=
github.com/shopspring/decimal v1.3.1 h1:2Usl1nmF/WZucqkFZhnfFYxxxu8LG21F6nPQBE5gKV8=
github.com/shopspring/decimal v1.3.1/go.mod h1:DKyhrW/HYNuLGql+MJL6WCR6knT2jwCFRcu2hWCYk4o=
github.com/sirupsen/logrus v1.7.0/go.mod h1:yWOB1SBYBC5VeMP7gHvWumXLIWorT60ONWic61uBYv0=
github.com/skeema/knownhosts v1.3.0 h1:AM+y0rI04VksttfwjkSTNQorvGqmwATnvnAHpSgc0LY=
github.com/skeema/knownhosts v1.3.0/go.mod h1:sPINvnADmT/qYH1kfv+ePMmOBTH6Tbl7b5LvTDjFK7M=
github.com/spf13/cobra v1.8.1 h1:e5/vxKd/rZsfSJMUX1agtjeTDf+qv1/JdBF8gg5k9ZM=
github.com/spf13/cobra v1.8.1/go.mod h1:wHxEcudfqmLYa8iTfL+OuZPbBZkmvliBWKIezN3kD9Y=
github.com/spf13/pflag v1.0.5 h1:iy+VFUOCP1a+8yFto/drg2CJ5u0yRoB7fZw3DKv/JXA=
github.com/spf13/pflag v1.0.5/go.mod h1:McXfInJRrz4CZXVZOBLb0bTZqETkiAhM9Iw0y3An2Bg=
github.com/stretchr/objx v0.1.0/go.mod h1:HFkY916IF+rwdDfMAkV7OtwuqBVzrE8GR6GFx+wExME=
github.com/stretchr/objx v0.4.0/go.mod h1:YvHI0jy2hoMjB+UWwv71VJQ9isScKT/TqJzVSSt89Yw=
github.com/stretchr/objx v0.5.0/go.mod h1:Yh+to48EsGEfYuaHDzXPcE3xhTkx73EhmCGUpEOglKo=
github.com/stretchr/testify v1.2.2/go.mod h1:a8OnRcib4nhh0OaRAV+Yts87kKdq0PP7pXfy6kDkUVs=
github.com/stretchr/testify v1.3.0/go.mod h1:M5WIy9Dh21IEIfnGCwXGc5bZfKNJtfHm1UVUgZn+9EI=
github.com/stretchr/testify v1.4.0/go.mod h1:j7eGeouHqKxXV5pUuKE4zz7dFj8WfuZ+81PSLYec5m4=
github.com/stretchr/testify v1.6.1/go.mod h1:6Fq8oRcR53rry900zMqJjRRixrwX3KX962/h/Wwjteg=
github.com/stretchr/testify v1.7.0/go.mod h1:6Fq8oRcR53rry900zMqJjRRixrwX3KX962/h/Wwjteg=
github.com/stretchr/testify v1.7.1/go.mod h1:6Fq8oRcR53rry900zMqJjRRixrwX3KX962/h/Wwjteg=
github.com/stretchr/testify v1.8.0/go.mod h1:yNjHg4UonilssWZ8iaSj1OCr/vHnekPRkoO+kdMU+MU=
github.com/stretchr/testify v1.8.1/go.mod h1:w2LPCIKwWwSfY2zedu0+kehJoqGctiVI29o6fzry7u4=
github.com/stretchr/testify v1.10.0 h1:Xv5erBjTwe/5IxqUQTdXv5kgmIvbHo3QQyRwhJsOfJA=
github.com/stretchr/testify v1.10.0/go.mod h1:r2ic/lqez/lEtzL7wO/rwa5dbSLXVDPFyf8C91i36aY=
github.com/temoto/robotstxt v1.1.2 h1:W2pOjSJ6SWvldyEuiFXNxz3xZ8aiWX5LbfDiOFd7Fxg=
github.com/temoto/robotstxt v1.1.2/go.mod h1:+1AmkuG3IYkh1kv0d2qEB9Le88ehNO0zwOr3ujewlOo=
github.com/trietmn/go-wiki v1.0.3 h1:Uj/QotGYRKb/DWMcKwzt6LZwuYkC1pUuKAizj/kBHpw=
github.com/trietmn/go-wiki v1.0.3/go.mod h1:HxeEu4ttJvFkRXY+XQu+ATZEh1S7J75+HRUoiZauzk8=
github.com/warpfork/go-fsx v0.4.0 h1:mlSH89UOECT5+NdRo8gPaE92Pm1xvt6cbzGkFa4QcsA=
github.com/warpfork/go-fsx v0.4.0/go.mod h1:oTACCMj+Zle+vgVa5SAhGAh7WksYpLgGUCKEAVc+xPg=
github.com/xanzy/ssh-agent v0.3.3 h1:+/15pJfg/RsTxqYcX6fHqOXZwwMP+2VyYWJeWM2qQFM=
github.com/xanzy/ssh-agent v0.3.3/go.mod h1:6dzNDKs0J9rVPHPhaGCukekBHKqfl+L3KghI1Bc68Uw=
github.com/yuin/goldmark v1.4.13/go.mod h1:6yULJ656Px+3vBD8DxQVa3kxgyrAnzto9xy5taEt/CY=
gitlab.com/clseibold/gonex v0.0.0-20240510073418-5058258917b4 h1:TeDQcH8UsgZFhT9WeXg725Mv4E2W8hMobP9vfiffPYA=
gitlab.com/clseibold/gonex v0.0.0-20240510073418-5058258917b4/go.mod h1:mcIB7I/dUdI0YWQToU/9pbp5FL0JY29A3D/DrXoJ/mc=
gitlab.com/clseibold/profectus v0.1.2 h1:IJnqoL5aWeE3B8EYcS4QPXQ2D2+AK0fjC1vmJoVw9tA=
gitlab.com/clseibold/profectus v0.1.2/go.mod h1:j8F9W65XKYDUZS0TAE4/cwDTXBc/kxew389M+ymJRaY=
gitlab.com/clseibold/scroll-term v0.0.0-20240520162440-6ae2e4ba051b h1:E5P6Z6dRyBjaW/8ARjfmNeFIM5969jZrsDp/zymR6sM=
gitlab.com/clseibold/scroll-term v0.0.0-20240520162440-6ae2e4ba051b/go.mod h1:poniHclQpjrFPpIy+MCJ1K07p/uK7DJhZhRnSd0qv3Q=
gitlab.com/nyarla/go-crypt v0.0.0-20160106005555-d9a5dc2b789b h1:7gd+rd8P3bqcn/96gOZa3F5dpJr/vEiDQYlNb/y2uNs=
gitlab.com/nyarla/go-crypt v0.0.0-20160106005555-d9a5dc2b789b/go.mod h1:T3BPAOm2cqquPa0MKWeNkmOM5RQsRhkrwMWonFMN7fE=
gitlab.com/sis-suite/aurarepo v0.0.0-20250217084957-243709af9d5d h1:uMINdL/5XkycNQ9rJygbJiGItzSMT3WEZGoeTSWKjZU=
gitlab.com/sis-suite/aurarepo v0.0.0-20250217084957-243709af9d5d/go.mod h1:+i3NQ87UG5DtonqP7u0FCOEL9C0k/jp3LGPFO3VqZyM=
gitlab.com/sis-suite/aurarepo v0.0.0-20250217093515-42fe081c73b2 h1:gwYp/G5oeOS0zdyJNozel6irLFHXS4P41sU5a26qhP0=
gitlab.com/sis-suite/aurarepo v0.0.0-20250217093515-42fe081c73b2/go.mod h1:+i3NQ87UG5DtonqP7u0FCOEL9C0k/jp3LGPFO3VqZyM=
gitlab.com/sis-suite/aurarepo v0.0.0-20250217100752-78c8d66cd002 h1:Lhv5BkwqARL6VPVg979qaXckJtGpyeVfd3BOUgii3jc=
gitlab.com/sis-suite/aurarepo v0.0.0-20250217100752-78c8d66cd002/go.mod h1:+i3NQ87UG5DtonqP7u0FCOEL9C0k/jp3LGPFO3VqZyM=
gitlab.com/sis-suite/aurarepo v0.0.0-20250217122544-4c7a5cdf13fb h1:U0SkJQD6F1DCuX/zDpDZvGmP1UKeaeg8r8xj3eviPfQ=
gitlab.com/sis-suite/aurarepo v0.0.0-20250217122544-4c7a5cdf13fb/go.mod h1:WRpl6TCPszzU8Cpnniypy/KSrT/iWWjUYCZozwFTEbc=
gitlab.com/sis-suite/aurarepo v0.0.0-20250217131038-9176b7017d57 h1:aBFQlp/lyQ9DOtGjm0lFsI4y+MyUfh2zE+ub/EgwLrA=
gitlab.com/sis-suite/aurarepo v0.0.0-20250217131038-9176b7017d57/go.mod h1:WRpl6TCPszzU8Cpnniypy/KSrT/iWWjUYCZozwFTEbc=
gitlab.com/sis-suite/aurarepo v0.0.0-20250219070616-0a3f8a8b62f2 h1:GxcdcrQBFTogE1vGe7oRFqluXCAyGACni3VDR8SK1A0=
gitlab.com/sis-suite/aurarepo v0.0.0-20250219070616-0a3f8a8b62f2/go.mod h1:YoRAZdFlO7jMzOrROZWq9KInp6dXmEsdVzl66e32k0o=
gitlab.com/sis-suite/aurarepo v0.0.0-20250219072701-7f15002e235e h1:2umH4uiDXT5ZIX4I5hJOk3uIYCqyVe71ZDPufRulKd8=
gitlab.com/sis-suite/aurarepo v0.0.0-20250219072701-7f15002e235e/go.mod h1:YoRAZdFlO7jMzOrROZWq9KInp6dXmEsdVzl66e32k0o=
gitlab.com/sis-suite/aurarepo v0.0.0-20250219091336-36fb57b7ee32 h1:K+7InM6zmyB1xOGSSsCPn5u1PkzcZ1/HEcwDngya1aI=
gitlab.com/sis-suite/aurarepo v0.0.0-20250219091336-36fb57b7ee32/go.mod h1:kjkKJNuP1BCzf8TCJHYrr96W3UG5N0COUEgM192b9jY=
gitlab.com/sis-suite/aurarepo v0.0.0-20250219092036-88f72ac6d4b6 h1:4PKPg7sj6tvbnKBzvduCIw130/7hToFTcyjFdU/KgIQ=
gitlab.com/sis-suite/aurarepo v0.0.0-20250219092036-88f72ac6d4b6/go.mod h1:WYcVrN4XI9HBq6quJYdueHUXGksKGssKHHmt2Tk48Q4=
gitlab.com/sis-suite/aurarepo v0.0.0-20250220072426-7c6f4375edb1 h1:mCsiq+zU3G3XMK+ha9psL6dkgxj3iKbDZgDWfea/+x8=
gitlab.com/sis-suite/aurarepo v0.0.0-20250220072426-7c6f4375edb1/go.mod h1:WYcVrN4XI9HBq6quJYdueHUXGksKGssKHHmt2Tk48Q4=
gitlab.com/sis-suite/aurarepo v0.0.0-20250220074157-0dae8723a465 h1:FgQ4QZkbn2FYWqBoR1KJEsHzn/0F1PgI9im97+gD/jw=
gitlab.com/sis-suite/aurarepo v0.0.0-20250220074157-0dae8723a465/go.mod h1:WYcVrN4XI9HBq6quJYdueHUXGksKGssKHHmt2Tk48Q4=
gitlab.com/sis-suite/aurarepo v0.0.0-20250220074856-9b640e3c25b5 h1:VVkgid7Xl5kOmw9CDJn6JJVWhUqlkcYN7mQgW+bnICE=
gitlab.com/sis-suite/aurarepo v0.0.0-20250220074856-9b640e3c25b5/go.mod h1:WYcVrN4XI9HBq6quJYdueHUXGksKGssKHHmt2Tk48Q4=
gitlab.com/sis-suite/aurarepo v0.0.0-20250220080047-d2ab8e63c41e h1:VQg5V8m01YysLYejRN4TKHc+5sey2HS5zCXDYGIfy5Q=
gitlab.com/sis-suite/aurarepo v0.0.0-20250220080047-d2ab8e63c41e/go.mod h1:WYcVrN4XI9HBq6quJYdueHUXGksKGssKHHmt2Tk48Q4=
gitlab.com/sis-suite/aurarepo v0.0.0-20250220083001-9be1715842c1 h1:gD+yRFBaQp/+J3REcSUv6dp/LsCCzEdgMi0RPzVIQFs=
gitlab.com/sis-suite/aurarepo v0.0.0-20250220083001-9be1715842c1/go.mod h1:WYcVrN4XI9HBq6quJYdueHUXGksKGssKHHmt2Tk48Q4=
gitlab.com/sis-suite/aurarepo v0.0.0-20250220140430-e23ad56017b5 h1:NkArEY14VvXrCVCeEdYfX9cNekduAi2Oz2pVAt1wuhU=
gitlab.com/sis-suite/aurarepo v0.0.0-20250220140430-e23ad56017b5/go.mod h1:WYcVrN4XI9HBq6quJYdueHUXGksKGssKHHmt2Tk48Q4=
gitlab.com/sis-suite/aurarepo v0.0.0-20250220142336-9ee9a96c55bb h1:+b+KKG+LrD0oG+ZZaQCWtXte7wDBZe853FxBqyt7OdY=
gitlab.com/sis-suite/aurarepo v0.0.0-20250220142336-9ee9a96c55bb/go.mod h1:WYcVrN4XI9HBq6quJYdueHUXGksKGssKHHmt2Tk48Q4=
gitlab.com/sis-suite/aurarepo v0.0.0-20250220162205-2c30f1587240 h1:7tXntta5M0ojVId/D9XnIID6vN62pHoMX0uHCiDk5OA=
gitlab.com/sis-suite/aurarepo v0.0.0-20250220162205-2c30f1587240/go.mod h1:uXrHTKpfIp80TKtX3m+e9D40UEVyGEjmd3NkKzeHbbg=
gitlab.com/sis-suite/smallnetinformationservices v0.0.0-20250216061837-02a12e36ed10 h1:OIzUki64GiAGuzJ3Zjao2bQNjm5TPSHJJ9SnTHznm6s=
gitlab.com/sis-suite/smallnetinformationservices v0.0.0-20250216061837-02a12e36ed10/go.mod h1:dJhYj9XLR/yDiSuiBu7vHSoUtAvnMDfM8SNQ69NgfDc=
gitlab.com/sis-suite/smallnetinformationservices v0.0.0-20250216155918-439cd49de552 h1:yIlHRpWeNpJQScJfAHCn/1IT1lE4MSO1E3ih/7649ww=
gitlab.com/sis-suite/smallnetinformationservices v0.0.0-20250216155918-439cd49de552/go.mod h1:dJhYj9XLR/yDiSuiBu7vHSoUtAvnMDfM8SNQ69NgfDc=
gitlab.com/sis-suite/smallnetinformationservices v0.0.0-20250217112908-24edd7157291 h1:8tG2fjhhcEBQiLgHIwiEg+5G9GHVqwICEniiADEC2GQ=
gitlab.com/sis-suite/smallnetinformationservices v0.0.0-20250217112908-24edd7157291/go.mod h1:dJhYj9XLR/yDiSuiBu7vHSoUtAvnMDfM8SNQ69NgfDc=
gitlab.com/sis-suite/smallnetinformationservices v0.0.0-20250219062426-8e9b2119464b h1:uyYEKe/oR2lLaMMt7ZX7B/nC9nZFu07hkES43TF5sMA=
gitlab.com/sis-suite/smallnetinformationservices v0.0.0-20250219062426-8e9b2119464b/go.mod h1:dJhYj9XLR/yDiSuiBu7vHSoUtAvnMDfM8SNQ69NgfDc=
gitlab.com/sis-suite/smallnetinformationservices v0.0.0-20250219091229-e7f07f49406f h1:5v0OI0hwUmh9LXX+ZZ4CjF1j4q8JzN2TaBLMk+T0ylg=
gitlab.com/sis-suite/smallnetinformationservices v0.0.0-20250219091229-e7f07f49406f/go.mod h1:dJhYj9XLR/yDiSuiBu7vHSoUtAvnMDfM8SNQ69NgfDc=
gitlab.com/sis-suite/smallnetinformationservices v0.0.0-20250219091918-33fd95668e1c h1:O4MDvFY1hv8jVp0RvcY2qjygRBCD3UVW7T0IBr5Ncmk=
gitlab.com/sis-suite/smallnetinformationservices v0.0.0-20250219091918-33fd95668e1c/go.mod h1:dJhYj9XLR/yDiSuiBu7vHSoUtAvnMDfM8SNQ69NgfDc=
gitlab.com/sis-suite/smallnetinformationservices v0.0.0-20250220160549-5f3da2152bc2 h1:mJ2CMHlWCjzdO9AfOA60JQePze3gmdAObqdKNZzsbPo=
gitlab.com/sis-suite/smallnetinformationservices v0.0.0-20250220160549-5f3da2152bc2/go.mod h1:dJhYj9XLR/yDiSuiBu7vHSoUtAvnMDfM8SNQ69NgfDc=
go.opentelemetry.io/contrib/instrumentation/net/http/otelhttp v0.54.0 h1:TT4fX+nBOA/+LUkobKGW1ydGcn+G3vRw9+g5HwCphpk=
go.opentelemetry.io/contrib/instrumentation/net/http/otelhttp v0.54.0/go.mod h1:L7UH0GbB0p47T4Rri3uHjbpCFYrVrwc1I25QhNPiGK8=
go.opentelemetry.io/otel v1.31.0 h1:NsJcKPIW0D0H3NgzPDHmo0WW6SptzPdqg/L1zsIm2hY=
go.opentelemetry.io/otel v1.31.0/go.mod h1:O0C14Yl9FgkjqcCZAsE053C13OaddMYr/hz6clDkEJE=
go.opentelemetry.io/otel/metric v1.31.0 h1:FSErL0ATQAmYHUIzSezZibnyVlft1ybhy4ozRPcF2fE=
go.opentelemetry.io/otel/metric v1.31.0/go.mod h1:C3dEloVbLuYoX41KpmAhOqNriGbA+qqH6PQ5E5mUfnY=
go.opentelemetry.io/otel/sdk v1.31.0 h1:xLY3abVHYZ5HSfOg3l2E5LUj2Cwva5Y7yGxnSW9H5Gk=
go.opentelemetry.io/otel/sdk v1.31.0/go.mod h1:TfRbMdhvxIIr/B2N2LQW2S5v9m3gOQ/08KsbbO5BPT0=
go.opentelemetry.io/otel/sdk/metric v1.31.0 h1:i9hxxLJF/9kkvfHppyLL55aW7iIJz4JjxTeYusH7zMc=
go.opentelemetry.io/otel/sdk/metric v1.31.0/go.mod h1:CRInTMVvNhUKgSAMbKyTMxqOBC0zgyxzW55lZzX43Y8=
go.opentelemetry.io/otel/trace v1.31.0 h1:ffjsj1aRouKewfr85U2aGagJ46+MvodynlQ1HYdmJys=
go.opentelemetry.io/otel/trace v1.31.0/go.mod h1:TXZkRk7SM2ZQLtR6eoAWQFIHPvzQ06FJAsO1tJg480A=
golang.org/x/crypto v0.0.0-20190308221718-c2843e01d9a2/go.mod h1:djNgcEr1/C05ACkg1iLfiJU5Ep61QUkGW8qpdssI0+w=
golang.org/x/crypto v0.0.0-20210513164829-c07d793c2f9a/go.mod h1:P+XmwS30IXTQdn5tA2iutPOUgjI07+tq3H3K9MVA1s8=
golang.org/x/crypto v0.0.0-20210921155107-089bfa567519/go.mod h1:GvvjBRRGRdwPK5ydBHafDWAxML/pGHZbMvKqRZ5+Abc=
golang.org/x/crypto v0.0.0-20220622213112-05595931fe9d/go.mod h1:IxCIyHEi3zRg3s0A5j5BB6A9Jmi73HwBIUl50j+osU4=
golang.org/x/crypto v0.32.0 h1:euUpcYgM8WcP71gNpTqQCn6rC2t6ULUPiOzfWaXVVfc=
golang.org/x/crypto v0.32.0/go.mod h1:ZnnJkOaASj8g0AjIduWNlq2NRxL0PlBrbKVyZ6V/Ugc=
golang.org/x/exp v0.0.0-20241108190413-2d47ceb2692f h1:XdNn9LlyWAhLVp6P/i8QYBW+hlyhrhei9uErw2B5GJo=
golang.org/x/exp v0.0.0-20241108190413-2d47ceb2692f/go.mod h1:D5SMRVC3C2/4+F/DB1wZsLRnSNimn2Sp/NPsCrsv8ak=
golang.org/x/mod v0.6.0-dev.0.20220419223038-86c51ed26bb4/go.mod h1:jJ57K6gSWd91VN4djpZkiMVwK6gcyfeH4XE8wZrZaV4=
golang.org/x/mod v0.22.0 h1:D4nJWe9zXqHOmWqj4VMOJhvzj7bEZg4wEYa759z1pH4=
golang.org/x/mod v0.22.0/go.mod h1:6SkKJ3Xj0I0BrPOZoBy3bdMptDDU9oJrpohJ3eWZ1fY=
golang.org/x/net v0.0.0-20190620200207-3b0461eec859/go.mod h1:z5CRVTTTmAJ677TzLLGU+0bjPO0LkuOLi4/5GtJWs/s=
golang.org/x/net v0.0.0-20200114155413-6afb5195e5aa/go.mod h1:z5CRVTTTmAJ677TzLLGU+0bjPO0LkuOLi4/5GtJWs/s=
golang.org/x/net v0.0.0-20210226172049-e18ecbb05110/go.mod h1:m0MpNAwzfU5UDzcl9v0D8zg8gWTRqZa9RBIspLL5mdg=
golang.org/x/net v0.0.0-20210525063256-abc453219eb5/go.mod h1:9nx3DQGgdP8bBQD5qxJ1jj9UTztislL4KSBs9R2vV5Y=
golang.org/x/net v0.0.0-20211112202133-69e39bad7dc2/go.mod h1:9nx3DQGgdP8bBQD5qxJ1jj9UTztislL4KSBs9R2vV5Y=
golang.org/x/net v0.0.0-20220722155237-a158d28d115b/go.mod h1:XRhObCWvk6IyKnWLug+ECip1KBveYUHfp+8e9klMJ9c=
golang.org/x/net v0.7.0/go.mod h1:2Tu9+aMcznHK/AK1HMvgo6xiTLG5rD5rZLDS+rp2Bjs=
golang.org/x/net v0.34.0 h1:Mb7Mrk043xzHgnRM88suvJFwzVrRfHEHJEl5/71CKw0=
golang.org/x/net v0.34.0/go.mod h1:di0qlW3YNM5oh6GqDGQr92MyTozJPmybPK4Ev/Gm31k=
golang.org/x/oauth2 v0.25.0 h1:CY4y7XT9v0cRI9oupztF8AgiIu99L/ksR/Xp/6jrZ70=
golang.org/x/oauth2 v0.25.0/go.mod h1:XYTD2NtWslqkgxebSiOHnXEap4TF09sJSc7H1sXbhtI=
golang.org/x/sync v0.0.0-20190423024810-112230192c58/go.mod h1:RxMgew5VJxzue5/jJTE5uejpjVlOe/izrB70Jof72aM=
golang.org/x/sync v0.0.0-20220722155255-886fb9371eb4/go.mod h1:RxMgew5VJxzue5/jJTE5uejpjVlOe/izrB70Jof72aM=
golang.org/x/sync v0.10.0 h1:3NQrjDixjgGwUOCaF8w2+VYHv0Ve/vGYSbdkTa98gmQ=
golang.org/x/sync v0.10.0/go.mod h1:Czt+wKu1gCyEFDUtn0jG5QVvpJ6rzVqr5aXyt9drQfk=
golang.org/x/sys v0.0.0-20190215142949-d0b11bdaac8a/go.mod h1:STP8DvDyc/dI5b8T5hshtkjS+E42TnysNCUPdjciGhY=
golang.org/x/sys v0.0.0-20191026070338-33540a1f6037/go.mod h1:h1NjWce9XRLGQEsW7wpKNCjG9DtNlClVuFLEZdDNbEs=
golang.org/x/sys v0.0.0-20201119102817-f84b799fce68/go.mod h1:h1NjWce9XRLGQEsW7wpKNCjG9DtNlClVuFLEZdDNbEs=
golang.org/x/sys v0.0.0-20210124154548-22da62e12c0c/go.mod h1:h1NjWce9XRLGQEsW7wpKNCjG9DtNlClVuFLEZdDNbEs=
golang.org/x/sys v0.0.0-20210423082822-04245dca01da/go.mod h1:h1NjWce9XRLGQEsW7wpKNCjG9DtNlClVuFLEZdDNbEs=
golang.org/x/sys v0.0.0-20210615035016-665e8c7367d1/go.mod h1:oPkhp1MJrh7nUepCBck5+mAzfO9JrbApNNgaTdGDITg=
golang.org/x/sys v0.0.0-20220520151302-bc2c85ada10a/go.mod h1:oPkhp1MJrh7nUepCBck5+mAzfO9JrbApNNgaTdGDITg=
golang.org/x/sys v0.0.0-20220615213510-4f61da869c0c/go.mod h1:oPkhp1MJrh7nUepCBck5+mAzfO9JrbApNNgaTdGDITg=
golang.org/x/sys v0.0.0-20220715151400-c0bba94af5f8/go.mod h1:oPkhp1MJrh7nUepCBck5+mAzfO9JrbApNNgaTdGDITg=
golang.org/x/sys v0.0.0-20220722155257-8c9f86f7a55f/go.mod h1:oPkhp1MJrh7nUepCBck5+mAzfO9JrbApNNgaTdGDITg=
golang.org/x/sys v0.0.0-20220811171246-fbc7d0a398ab/go.mod h1:oPkhp1MJrh7nUepCBck5+mAzfO9JrbApNNgaTdGDITg=
golang.org/x/sys v0.5.0/go.mod h1:oPkhp1MJrh7nUepCBck5+mAzfO9JrbApNNgaTdGDITg=
golang.org/x/sys v0.6.0/go.mod h1:oPkhp1MJrh7nUepCBck5+mAzfO9JrbApNNgaTdGDITg=
golang.org/x/sys v0.12.0/go.mod h1:oPkhp1MJrh7nUepCBck5+mAzfO9JrbApNNgaTdGDITg=
golang.org/x/sys v0.29.0 h1:TPYlXGxvx1MGTn2GiZDhnjPA9wZzZeGKHHmKhHYvgaU=
golang.org/x/sys v0.29.0/go.mod h1:/VUhepiaJMQUp4+oa/7Zr1D23ma6VTLIYjOOTFZPUcA=
golang.org/x/term v0.0.0-20201126162022-7de9c90e9dd1/go.mod h1:bj7SfCRtBDWHUb9snDiAeCFNEtKQo2Wmx5Cou7ajbmo=
golang.org/x/term v0.0.0-20210927222741-03fcf44c2211/go.mod h1:jbD1KX2456YbFQfuXm/mYQcufACuNUgVhRMnK/tPxf8=
golang.org/x/term v0.5.0/go.mod h1:jMB1sMXY+tzblOD4FWmEbocvup2/aLOaQEp7JmGp78k=
golang.org/x/text v0.3.0/go.mod h1:NqM8EUOU14njkJ3fqMW+pc6Ldnwhi/IjpwHt7yyuwOQ=
golang.org/x/text v0.3.3/go.mod h1:5Zoc/QRtKVWzQhOtBMvqHzDpF6irO9z98xDceosuGiQ=
golang.org/x/text v0.3.6/go.mod h1:5Zoc/QRtKVWzQhOtBMvqHzDpF6irO9z98xDceosuGiQ=
golang.org/x/text v0.3.7/go.mod h1:u+2+/6zg+i71rQMx5EYifcz6MCKuco9NR6JIITiCfzQ=
golang.org/x/text v0.7.0/go.mod h1:mrYo+phRRbMaCq/xk9113O4dZlRixOauAjOtrjsXDZ8=
golang.org/x/text v0.21.0 h1:zyQAAkrwaneQ066sspRyJaG9VNi/YJ1NfzcGB3hZ/qo=
golang.org/x/text v0.21.0/go.mod h1:4IBbMaMmOPCJ8SecivzSH54+73PCFmPWxNTLm+vZkEQ=
golang.org/x/time v0.9.0 h1:EsRrnYcQiGH+5FfbgvV4AP7qEZstoyrHB0DzarOQ4ZY=
golang.org/x/time v0.9.0/go.mod h1:3BpzKBy/shNhVucY/MWOyx10tF3SFh9QdLuxbVysPQM=
golang.org/x/tools v0.0.0-20180917221912-90fa682c2a6e/go.mod h1:n7NCudcB/nEzxVGmLbDWY5pfWTLqBcC2KZ6jyYvM4mQ=
golang.org/x/tools v0.0.0-20191119224855-298f0cb1881e/go.mod h1:b+2E5dAYhXwXZwtnZ6UAqBI28+e2cm9otk0dWdXHAEo=
golang.org/x/tools v0.1.12/go.mod h1:hNGJHUnrk76NpqgfD5Aqm5Crs+Hm0VOH/i9J2+nxYbc=
golang.org/x/tools v0.27.0 h1:qEKojBykQkQ4EynWy4S8Weg69NumxKdn40Fce3uc/8o=
golang.org/x/tools v0.27.0/go.mod h1:sUi0ZgbwW9ZPAq26Ekut+weQPR5eIM6GQLQ1Yjm1H0Q=
golang.org/x/xerrors v0.0.0-20190717185122-a985d3407aa7/go.mod h1:I/5z698sn9Ka8TeJc9MKroUUfqBBauWjQqLJ2OPfmY0=
golang.org/x/xerrors v0.0.0-20191204190536-9bdfabe68543/go.mod h1:I/5z698sn9Ka8TeJc9MKroUUfqBBauWjQqLJ2OPfmY0=
google.golang.org/api v0.217.0 h1:GYrUtD289o4zl1AhiTZL0jvQGa2RDLyC+kX1N/lfGOU=
google.golang.org/api v0.217.0/go.mod h1:qMc2E8cBAbQlRypBTBWHklNJlaZZJBwDv81B1Iu8oSI=
google.golang.org/genproto/googleapis/api v0.0.0-20241209162323-e6fa225c2576 h1:CkkIfIt50+lT6NHAVoRYEyAvQGFM7xEwXUUywFvEb3Q=
google.golang.org/genproto/googleapis/api v0.0.0-20241209162323-e6fa225c2576/go.mod h1:1R3kvZ1dtP3+4p4d3G8uJ8rFk/fWlScl38vanWACI08=
google.golang.org/genproto/googleapis/rpc v0.0.0-20250106144421-5f5ef82da422 h1:3UsHvIr4Wc2aW4brOaSCmcxh9ksica6fHEr8P1XhkYw=
google.golang.org/genproto/googleapis/rpc v0.0.0-20250106144421-5f5ef82da422/go.mod h1:3ENsm/5D1mzDyhpzeRi1NR784I0BcofWBoSc5QqqMK4=
google.golang.org/grpc v1.69.4 h1:MF5TftSMkd8GLw/m0KM6V8CMOCY6NZ1NQDPGFgbTt4A=
google.golang.org/grpc v1.69.4/go.mod h1:vyjdE6jLBI76dgpDojsFGNaHlxdjXN9ghpnd2o7JGZ4=
google.golang.org/protobuf v1.36.2 h1:R8FeyR1/eLmkutZOM5CWghmo5itiG9z0ktFlTVLuTmU=
google.golang.org/protobuf v1.36.2/go.mod h1:9fA7Ob0pmnwhb644+1+CVWFRbNajQ6iRojtC/QF5bRE=
gopkg.in/check.v1 v0.0.0-20161208181325-20d25e280405 h1:yhCVgyC4o1eVCa2tZl7eS0r+SDo693bJlVdllGtEeKM=
gopkg.in/check.v1 v0.0.0-20161208181325-20d25e280405/go.mod h1:Co6ibVJAznAaIkqp8huTwlJQCZ016jof/cbN4VW5Yz0=
gopkg.in/check.v1 v1.0.0-20190902080502-41f04d3bba15/go.mod h1:Co6ibVJAznAaIkqp8huTwlJQCZ016jof/cbN4VW5Yz0=
gopkg.in/warnings.v0 v0.1.2 h1:wFXVbFY8DY5/xOe1ECiWdKCzZlxgshcYVNkBHstARME=
gopkg.in/warnings.v0 v0.1.2/go.mod h1:jksf8JmL6Qr/oQM2OXTHunEvvTAsrWBLb6OOjuVWRNI=
gopkg.in/yaml.v2 v2.2.2/go.mod h1:hI93XBmqTisBFMUTm0b8Fm+jr3Dg1NNxqwp+5A1VGuI=
gopkg.in/yaml.v2 v2.2.8/go.mod h1:hI93XBmqTisBFMUTm0b8Fm+jr3Dg1NNxqwp+5A1VGuI=
gopkg.in/yaml.v2 v2.4.0 h1:D8xgwECY7CYvx+Y2n4sBz93Jn9JRvxdiyyo8CTfuKaY=
gopkg.in/yaml.v2 v2.4.0/go.mod h1:RDklbk79AGWmwhnvt/jBztapEOGDOx6ZbXqjP6csGnQ=
gopkg.in/yaml.v3 v3.0.0-20200313102051-9f266ea9e77c/go.mod h1:K4uyk7z7BCEPqu6E+C64Yfv1cQ7kz7rIZviUmN+EgEM=
gopkg.in/yaml.v3 v3.0.1 h1:fxVm/GzAzEWqLHuvctI91KS9hhNmmWOoWu0XTYJS7CA=
gopkg.in/yaml.v3 v3.0.1/go.mod h1:K4uyk7z7BCEPqu6E+C64Yfv1cQ7kz7rIZviUmN+EgEM=
modernc.org/mathutil v1.4.2-0.20220822142738-b13e5b564332 h1:TKGxwtHBlHsKAKIpQE7MEPGs0FFe+DeGNkrLi22sApk=
modernc.org/mathutil v1.4.2-0.20220822142738-b13e5b564332/go.mod h1:mZW8CKdRPY1v87qxC/wUdX5O1qDzXMP5TH3wjfpga6E=
